github.com/hugoinaction/Resources v0.8.0 h1:sNjUVzrOL2Bt+i5GU/fsytDqql8VfuXqSHzQ0O98OPc=
github.com/hugoinaction/Resources v0.8.0/go.mod h1:4QxFKDTfHDA4Ylif1aM/ea5IFtOXGWKuAcD0czC/0I8=
github.com/hugoinaction/Resources v0.9.0 h1:0CaS7XJcp7c0QaaPBH2Sv64xy8Ec8hSI+Zoka4GUh54=
github.com/hugoinaction/Resources v0.9.0/go.mod h1:4QxFKDTfHDA4Ylif1aM/ea5IFtOXGWKuAcD0czC/0I8=
github.com/hugoinaction/hugo-debug-utils v0.0.0-20200427035302-d4636e5c27cf h1:6rMTTNHfMot+cuzlkQsw9Na6xIrKmjCf2TneR95m75g=
github.com/hugoinaction/hugo-debug-utils v0.0.0-20200427035302-d4636e5c27cf/go.mod h1:YA0Taxzbbqz9oEvtMUW/uuPRE2v93r0WPMLkWaqiuBs=
