github.com/hugoinaction/Resources v0.8.0 h1:sNjUVzrOL2Bt+i5GU/fsytDqql8VfuXqSHzQ0O98OPc=
github.com/hugoinaction/Resources v0.8.0/go.mod h1:4QxFKDTfHDA4Ylif1aM/ea5IFtOXGWKuAcD0czC/0I8=
github.com/hugoinaction/Resources v0.9.0 h1:0CaS7XJcp7c0QaaPBH2Sv64xy8Ec8hSI+Zoka4GUh54=
github.com/hugoinaction/Resources v0.9.0/go.mod h1:4QxFKDTfHDA4Ylif1aM/ea5IFtOXGWKuAcD0czC/0I8=
